
Microsoft Visual Studio Solution File, Format Version 12.00
# Visual Studio Version 17
VisualStudioVersion = 17.5.002.0
MinimumVisualStudioVersion = 10.0.40219.1
Project("{9A19103F-16F7-4668-BE54-9A1E7A4F7556}") = "SistemaComSQLServer", "Sistema\SistemaComSQLServer.csproj", "{9BF8A060-39C7-47DB-A535-CF44F9E7739E}"
EndProject
Global
	GlobalSection(SolutionConfigurationPlatforms) = preSolution
		Debug|Any CPU = Debug|Any CPU
		Release|Any CPU = Release|Any CPU
	EndGlobalSection
	GlobalSection(ProjectConfigurationPlatforms) = postSolution
		{9BF8A060-39C7-47DB-A535-CF44F9E7739E}.Debug|Any CPU.ActiveCfg = Debug|Any CPU
		{9BF8A060-39C7-47DB-A535-CF44F9E7739E}.Debug|Any CPU.Build.0 = Debug|Any CPU
		{9BF8A060-39C7-47DB-A535-CF44F9E7739E}.Release|Any CPU.ActiveCfg = Release|Any CPU
		{9BF8A060-39C7-47DB-A535-CF44F9E7739E}.Release|Any CPU.Build.0 = Release|Any CPU
	EndGlobalSection
	GlobalSection(SolutionProperties) = preSolution
		HideSolutionNode = FALSE
	EndGlobalSection
	GlobalSection(ExtensibilityGlobals) = postSolution
		SolutionGuid = {6D2F20D6-70C4-47A7-9417-739B5F913B7E}
	EndGlobalSection
EndGlobal
